
Microsoft Visual Studio Solution File, Format Version 12.00
# Visual Studio Version 17
VisualStudioVersion = 17.14.36212.18
MinimumVisualStudioVersion = 10.0.40219.1
Project("{8BC9CEB8-8B4A-11D0-8D11-00A0C91BC942}") = "Zgine", "Zgine\Zgine.vcxproj", "{DE6F3346-A65C-40B4-9AEE-F77127453544}"
EndProject
Project("{8BC9CEB8-8B4A-11D0-8D11-00A0C91BC942}") = "Sandbox", "Sandbox\Sandbox.vcxproj", "{70381A09-A8FF-4FC1-862A-D1DBD08089D7}"
EndProject
Global
	GlobalSection(SolutionConfigurationPlatforms) = preSolution
		Debug|x64 = Debug|x64
		Debug|x86 = Debug|x86
		Release|x64 = Release|x64
		Release|x86 = Release|x86
	EndGlobalSection
	GlobalSection(ProjectConfigurationPlatforms) = postSolution
		{DE6F3346-A65C-40B4-9AEE-F77127453544}.Debug|x64.ActiveCfg = Debug|x64
		{DE6F3346-A65C-40B4-9AEE-F77127453544}.Debug|x64.Build.0 = Debug|x64
		{DE6F3346-A65C-40B4-9AEE-F77127453544}.Debug|x86.ActiveCfg = Debug|Win32
		{DE6F3346-A65C-40B4-9AEE-F77127453544}.Debug|x86.Build.0 = Debug|Win32
		{DE6F3346-A65C-40B4-9AEE-F77127453544}.Release|x64.ActiveCfg = Release|x64
		{DE6F3346-A65C-40B4-9AEE-F77127453544}.Release|x64.Build.0 = Release|x64
		{DE6F3346-A65C-40B4-9AEE-F77127453544}.Release|x86.ActiveCfg = Release|Win32
		{DE6F3346-A65C-40B4-9AEE-F77127453544}.Release|x86.Build.0 = Release|Win32
		{70381A09-A8FF-4FC1-862A-D1DBD08089D7}.Debug|x64.ActiveCfg = Debug|x64
		{70381A09-A8FF-4FC1-862A-D1DBD08089D7}.Debug|x64.Build.0 = Debug|x64
		{70381A09-A8FF-4FC1-862A-D1DBD08089D7}.Debug|x86.ActiveCfg = Debug|Win32
		{70381A09-A8FF-4FC1-862A-D1DBD08089D7}.Debug|x86.Build.0 = Debug|Win32
		{70381A09-A8FF-4FC1-862A-D1DBD08089D7}.Release|x64.ActiveCfg = Release|x64
		{70381A09-A8FF-4FC1-862A-D1DBD08089D7}.Release|x64.Build.0 = Release|x64
		{70381A09-A8FF-4FC1-862A-D1DBD08089D7}.Release|x86.ActiveCfg = Release|Win32
		{70381A09-A8FF-4FC1-862A-D1DBD08089D7}.Release|x86.Build.0 = Release|Win32
	EndGlobalSection
	GlobalSection(SolutionProperties) = preSolution
		HideSolutionNode = FALSE
	EndGlobalSection
	GlobalSection(ExtensibilityGlobals) = postSolution
		SolutionGuid = {13F01206-A6F6-47CA-AC5B-FF314ACC71BF}
	EndGlobalSection
EndGlobal
