<?xml version="1.0" encoding="utf-8"?>
<Project ToolsVersion="4.0" xmlns="http://schemas.microsoft.com/developer/msbuild/2003">
  <ItemGroup>
    <Filter Include="Platform">
      <UniqueIdentifier>{2AC788B4-1694-E3BF-3FAD-D1672BD9184E}</UniqueIdentifier>
    </Filter>
    <Filter Include="Platform\Windows">
      <UniqueIdentifier>{64FBD71A-50F4-F66C-7926-DCF1657ED678}</UniqueIdentifier>
    </Filter>
    <Filter Include="Zgine">
      <UniqueIdentifier>{C2E5950E-2EFA-BDBF-F77B-611F634FBAF0}</UniqueIdentifier>
    </Filter>
    <Filter Include="Zgine\Events">
      <UniqueIdentifier>{6643BBED-52A6-4A92-FB2B-8348E76D1615}</UniqueIdentifier>
    </Filter>
  </ItemGroup>
  <ItemGroup>
    <ClInclude Include="src\Platform\Windows\WindowsWindow.h">
      <Filter>Platform\Windows</Filter>
    </ClInclude>
    <ClInclude Include="src\Zgine.h" />
    <ClInclude Include="src\Zgine\Application.h">
      <Filter>Zgine</Filter>
    </ClInclude>
    <ClInclude Include="src\Zgine\Core.h">
      <Filter>Zgine</Filter>
    </ClInclude>
    <ClInclude Include="src\Zgine\EntryPoint.h">
      <Filter>Zgine</Filter>
    </ClInclude>
    <ClInclude Include="src\Zgine\Events\ApplicationEvent.h">
      <Filter>Zgine\Events</Filter>
    </ClInclude>
    <ClInclude Include="src\Zgine\Events\Event.h">
      <Filter>Zgine\Events</Filter>
    </ClInclude>
    <ClInclude Include="src\Zgine\Events\KeyEvent.h">
      <Filter>Zgine\Events</Filter>
    </ClInclude>
    <ClInclude Include="src\Zgine\Events\MouseEvent.h">
      <Filter>Zgine\Events</Filter>
    </ClInclude>
    <ClInclude Include="src\Zgine\Log.h">
      <Filter>Zgine</Filter>
    </ClInclude>
    <ClInclude Include="src\Zgine\Window.h">
      <Filter>Zgine</Filter>
    </ClInclude>
    <ClInclude Include="src\zgpch.h" />
  </ItemGroup>
  <ItemGroup>
    <ClCompile Include="src\Platform\Windows\WindowsWindow.cpp">
      <Filter>Platform\Windows</Filter>
    </ClCompile>
    <ClCompile Include="src\Zgine\Application.cpp">
      <Filter>Zgine</Filter>
    </ClCompile>
    <ClCompile Include="src\Zgine\Log.cpp">
      <Filter>Zgine</Filter>
    </ClCompile>
    <ClCompile Include="src\zgpch.cpp" />
  </ItemGroup>
</Project>