<?xml version="1.0" encoding="utf-8"?>
<Project ToolsVersion="4.0" xmlns="http://schemas.microsoft.com/developer/msbuild/2003">
  <ItemGroup>
    <Filter Include="Zgine">
      <UniqueIdentifier>{C2E5950E-2EFA-BDBF-F77B-611F634FBAF0}</UniqueIdentifier>
    </Filter>
    <Filter Include="Zgine\Events">
      <UniqueIdentifier>{6643BBED-52A6-4A92-FB2B-8348E76D1615}</UniqueIdentifier>
    </Filter>
  </ItemGroup>
  <ItemGroup>
    <ClInclude Include="src\Zgine.h" />
    <ClInclude Include="src\Zgine\Application.h">
      <Filter>Zgine</Filter>
    </ClInclude>
    <ClInclude Include="src\Zgine\Core.h">
      <Filter>Zgine</Filter>
    </ClInclude>
    <ClInclude Include="src\Zgine\EntryPoint.h">
      <Filter>Zgine</Filter>
    </ClInclude>
    <ClInclude Include="src\Zgine\Events\ApplicationEvent.h">
      <Filter>Zgine\Events</Filter>
    </ClInclude>
    <ClInclude Include="src\Zgine\Events\Event.h">
      <Filter>Zgine\Events</Filter>
    </ClInclude>
    <ClInclude Include="src\Zgine\Events\KeyEvent.h">
      <Filter>Zgine\Events</Filter>
    </ClInclude>
    <ClInclude Include="src\Zgine\Events\MouseEvent.h">
      <Filter>Zgine\Events</Filter>
    </ClInclude>
    <ClInclude Include="src\Zgine\Log.h">
      <Filter>Zgine</Filter>
    </ClInclude>
  </ItemGroup>
  <ItemGroup>
    <ClCompile Include="src\Zgine\Application.cpp">
      <Filter>Zgine</Filter>
    </ClCompile>
    <ClCompile Include="src\Zgine\Log.cpp">
      <Filter>Zgine</Filter>
    </ClCompile>
  </ItemGroup>
</Project>